
Microsoft Visual Studio Solution File, Format Version 12.00
# Visual Studio Version 17
VisualStudioVersion = 17.0.31903.59
MinimumVisualStudioVersion = 10.0.40219.1
Project("{FAE04EC0-301F-11D3-BF4B-00C04F79EFBC}") = "SOFTEST_INTRO_Calculator", "SOFTEST_INTRO_Calculator\SOFTEST_INTRO_Calculator.csproj", "{AEABF588-8FC9-4AA8-961C-237D5614CB3D}"
EndProject
Project("{FAE04EC0-301F-11D3-BF4B-00C04F79EFBC}") = "SOFTEST_INTRO_Calculator.UnitTests", "SOFTEST_INTRO_Calculator.UnitTests\SOFTEST_INTRO_Calculator.UnitTests.csproj", "{6D4C7B3E-6256-4430-A39C-B526783555E5}"
EndProject
Project("{FAE04EC0-301F-11D3-BF4B-00C04F79EFBC}") = "SOFTEST_INTRO_Calculator.AcceptanceTests", "SOFTEST_INTRO_Calculator.AcceptanceTests\SOFTEST_INTRO_Calculator.AcceptanceTests.csproj", "{71F7E6D1-D9D4-4726-BAFF-ED46A24AD63F}"
EndProject
Project("{FAE04EC0-301F-11D3-BF4B-00C04F79EFBC}") = "SOFTEST_INTRO_Calculator.IntegrationTests", "SOFTEST_INTRO_Calculator.IntegrationTests\SOFTEST_INTRO_Calculator.IntegrationTests.csproj", "{8EEDD4A4-F630-43DF-8B9D-231B2C94E5EC}"
EndProject
Project("{FAE04EC0-301F-11D3-BF4B-00C04F79EFBC}") = "SOFTEST_INTRO_Calculator.Web", "SOFTEST_INTRO_Calculator.Web\SOFTEST_INTRO_Calculator.Web.csproj", "{D50C7CB1-677C-45CC-9A09-062EF7591F71}"
EndProject
Project("{FAE04EC0-301F-11D3-BF4B-00C04F79EFBC}") = "SOFTEST_INTRO_Calculator.WebUiTests", "SOFTEST_INTRO_Calculator.WebUiTests\SOFTEST_INTRO_Calculator.WebUiTests.csproj", "{935C7ABF-78FA-4B67-A133-EEF049DF6E08}"
EndProject
Global
	GlobalSection(SolutionConfigurationPlatforms) = preSolution
		Debug|Any CPU = Debug|Any CPU
		Debug|x64 = Debug|x64
		Debug|x86 = Debug|x86
		Release|Any CPU = Release|Any CPU
		Release|x64 = Release|x64
		Release|x86 = Release|x86
	EndGlobalSection
	GlobalSection(ProjectConfigurationPlatforms) = postSolution
		{AEABF588-8FC9-4AA8-961C-237D5614CB3D}.Debug|Any CPU.ActiveCfg = Debug|Any CPU
		{AEABF588-8FC9-4AA8-961C-237D5614CB3D}.Debug|Any CPU.Build.0 = Debug|Any CPU
		{AEABF588-8FC9-4AA8-961C-237D5614CB3D}.Debug|x64.ActiveCfg = Debug|Any CPU
		{AEABF588-8FC9-4AA8-961C-237D5614CB3D}.Debug|x64.Build.0 = Debug|Any CPU
		{AEABF588-8FC9-4AA8-961C-237D5614CB3D}.Debug|x86.ActiveCfg = Debug|Any CPU
		{AEABF588-8FC9-4AA8-961C-237D5614CB3D}.Debug|x86.Build.0 = Debug|Any CPU
		{AEABF588-8FC9-4AA8-961C-237D5614CB3D}.Release|Any CPU.ActiveCfg = Release|Any CPU
		{AEABF588-8FC9-4AA8-961C-237D5614CB3D}.Release|Any CPU.Build.0 = Release|Any CPU
		{AEABF588-8FC9-4AA8-961C-237D5614CB3D}.Release|x64.ActiveCfg = Release|Any CPU
		{AEABF588-8FC9-4AA8-961C-237D5614CB3D}.Release|x64.Build.0 = Release|Any CPU
		{AEABF588-8FC9-4AA8-961C-237D5614CB3D}.Release|x86.ActiveCfg = Release|Any CPU
		{AEABF588-8FC9-4AA8-961C-237D5614CB3D}.Release|x86.Build.0 = Release|Any CPU
		{6D4C7B3E-6256-4430-A39C-B526783555E5}.Debug|Any CPU.ActiveCfg = Debug|Any CPU
		{6D4C7B3E-6256-4430-A39C-B526783555E5}.Debug|Any CPU.Build.0 = Debug|Any CPU
		{6D4C7B3E-6256-4430-A39C-B526783555E5}.Debug|x64.ActiveCfg = Debug|Any CPU
		{6D4C7B3E-6256-4430-A39C-B526783555E5}.Debug|x64.Build.0 = Debug|Any CPU
		{6D4C7B3E-6256-4430-A39C-B526783555E5}.Debug|x86.ActiveCfg = Debug|Any CPU
		{6D4C7B3E-6256-4430-A39C-B526783555E5}.Debug|x86.Build.0 = Debug|Any CPU
		{6D4C7B3E-6256-4430-A39C-B526783555E5}.Release|Any CPU.ActiveCfg = Release|Any CPU
		{6D4C7B3E-6256-4430-A39C-B526783555E5}.Release|Any CPU.Build.0 = Release|Any CPU
		{6D4C7B3E-6256-4430-A39C-B526783555E5}.Release|x64.ActiveCfg = Release|Any CPU
		{6D4C7B3E-6256-4430-A39C-B526783555E5}.Release|x64.Build.0 = Release|Any CPU
		{6D4C7B3E-6256-4430-A39C-B526783555E5}.Release|x86.ActiveCfg = Release|Any CPU
		{6D4C7B3E-6256-4430-A39C-B526783555E5}.Release|x86.Build.0 = Release|Any CPU
		{71F7E6D1-D9D4-4726-BAFF-ED46A24AD63F}.Debug|Any CPU.ActiveCfg = Debug|Any CPU
		{71F7E6D1-D9D4-4726-BAFF-ED46A24AD63F}.Debug|Any CPU.Build.0 = Debug|Any CPU
		{71F7E6D1-D9D4-4726-BAFF-ED46A24AD63F}.Debug|x64.ActiveCfg = Debug|Any CPU
		{71F7E6D1-D9D4-4726-BAFF-ED46A24AD63F}.Debug|x64.Build.0 = Debug|Any CPU
		{71F7E6D1-D9D4-4726-BAFF-ED46A24AD63F}.Debug|x86.ActiveCfg = Debug|Any CPU
		{71F7E6D1-D9D4-4726-BAFF-ED46A24AD63F}.Debug|x86.Build.0 = Debug|Any CPU
		{71F7E6D1-D9D4-4726-BAFF-ED46A24AD63F}.Release|Any CPU.ActiveCfg = Release|Any CPU
		{71F7E6D1-D9D4-4726-BAFF-ED46A24AD63F}.Release|Any CPU.Build.0 = Release|Any CPU
		{71F7E6D1-D9D4-4726-BAFF-ED46A24AD63F}.Release|x64.ActiveCfg = Release|Any CPU
		{71F7E6D1-D9D4-4726-BAFF-ED46A24AD63F}.Release|x64.Build.0 = Release|Any CPU
		{71F7E6D1-D9D4-4726-BAFF-ED46A24AD63F}.Release|x86.ActiveCfg = Release|Any CPU
		{71F7E6D1-D9D4-4726-BAFF-ED46A24AD63F}.Release|x86.Build.0 = Release|Any CPU
		{8EEDD4A4-F630-43DF-8B9D-231B2C94E5EC}.Debug|Any CPU.ActiveCfg = Debug|Any CPU
		{8EEDD4A4-F630-43DF-8B9D-231B2C94E5EC}.Debug|Any CPU.Build.0 = Debug|Any CPU
		{8EEDD4A4-F630-43DF-8B9D-231B2C94E5EC}.Debug|x64.ActiveCfg = Debug|Any CPU
		{8EEDD4A4-F630-43DF-8B9D-231B2C94E5EC}.Debug|x64.Build.0 = Debug|Any CPU
		{8EEDD4A4-F630-43DF-8B9D-231B2C94E5EC}.Debug|x86.ActiveCfg = Debug|Any CPU
		{8EEDD4A4-F630-43DF-8B9D-231B2C94E5EC}.Debug|x86.Build.0 = Debug|Any CPU
		{8EEDD4A4-F630-43DF-8B9D-231B2C94E5EC}.Release|Any CPU.ActiveCfg = Release|Any CPU
		{8EEDD4A4-F630-43DF-8B9D-231B2C94E5EC}.Release|Any CPU.Build.0 = Release|Any CPU
		{8EEDD4A4-F630-43DF-8B9D-231B2C94E5EC}.Release|x64.ActiveCfg = Release|Any CPU
		{8EEDD4A4-F630-43DF-8B9D-231B2C94E5EC}.Release|x64.Build.0 = Release|Any CPU
		{8EEDD4A4-F630-43DF-8B9D-231B2C94E5EC}.Release|x86.ActiveCfg = Release|Any CPU
		{8EEDD4A4-F630-43DF-8B9D-231B2C94E5EC}.Release|x86.Build.0 = Release|Any CPU
		{D50C7CB1-677C-45CC-9A09-062EF7591F71}.Debug|Any CPU.ActiveCfg = Debug|Any CPU
		{D50C7CB1-677C-45CC-9A09-062EF7591F71}.Debug|Any CPU.Build.0 = Debug|Any CPU
		{D50C7CB1-677C-45CC-9A09-062EF7591F71}.Debug|x64.ActiveCfg = Debug|Any CPU
		{D50C7CB1-677C-45CC-9A09-062EF7591F71}.Debug|x64.Build.0 = Debug|Any CPU
		{D50C7CB1-677C-45CC-9A09-062EF7591F71}.Debug|x86.ActiveCfg = Debug|Any CPU
		{D50C7CB1-677C-45CC-9A09-062EF7591F71}.Debug|x86.Build.0 = Debug|Any CPU
		{D50C7CB1-677C-45CC-9A09-062EF7591F71}.Release|Any CPU.ActiveCfg = Release|Any CPU
		{D50C7CB1-677C-45CC-9A09-062EF7591F71}.Release|Any CPU.Build.0 = Release|Any CPU
		{D50C7CB1-677C-45CC-9A09-062EF7591F71}.Release|x64.ActiveCfg = Release|Any CPU
		{D50C7CB1-677C-45CC-9A09-062EF7591F71}.Release|x64.Build.0 = Release|Any CPU
		{D50C7CB1-677C-45CC-9A09-062EF7591F71}.Release|x86.ActiveCfg = Release|Any CPU
		{D50C7CB1-677C-45CC-9A09-062EF7591F71}.Release|x86.Build.0 = Release|Any CPU
		{935C7ABF-78FA-4B67-A133-EEF049DF6E08}.Debug|Any CPU.ActiveCfg = Debug|Any CPU
		{935C7ABF-78FA-4B67-A133-EEF049DF6E08}.Debug|Any CPU.Build.0 = Debug|Any CPU
		{935C7ABF-78FA-4B67-A133-EEF049DF6E08}.Debug|x64.ActiveCfg = Debug|Any CPU
		{935C7ABF-78FA-4B67-A133-EEF049DF6E08}.Debug|x64.Build.0 = Debug|Any CPU
		{935C7ABF-78FA-4B67-A133-EEF049DF6E08}.Debug|x86.ActiveCfg = Debug|Any CPU
		{935C7ABF-78FA-4B67-A133-EEF049DF6E08}.Debug|x86.Build.0 = Debug|Any CPU
		{935C7ABF-78FA-4B67-A133-EEF049DF6E08}.Release|Any CPU.ActiveCfg = Release|Any CPU
		{935C7ABF-78FA-4B67-A133-EEF049DF6E08}.Release|Any CPU.Build.0 = Release|Any CPU
		{935C7ABF-78FA-4B67-A133-EEF049DF6E08}.Release|x64.ActiveCfg = Release|Any CPU
		{935C7ABF-78FA-4B67-A133-EEF049DF6E08}.Release|x64.Build.0 = Release|Any CPU
		{935C7ABF-78FA-4B67-A133-EEF049DF6E08}.Release|x86.ActiveCfg = Release|Any CPU
		{935C7ABF-78FA-4B67-A133-EEF049DF6E08}.Release|x86.Build.0 = Release|Any CPU
	EndGlobalSection
	GlobalSection(SolutionProperties) = preSolution
		HideSolutionNode = FALSE
	EndGlobalSection
EndGlobal
